{
  "nodes": {
    "flake-parts": {
      "inputs": {
        "nixpkgs-lib": "nixpkgs-lib"
      },
      "locked": {
        "lastModified": 1673362319,
        "narHash": "sha256-Pjp45Vnj7S/b3BRpZEVfdu8sqqA6nvVjvYu59okhOyI=",
        "owner": "hercules-ci",
        "repo": "flake-parts",
        "rev": "82c16f1682cf50c01cb0280b38a1eed202b3fe9f",
        "type": "github"
      },
      "original": {
        "owner": "hercules-ci",
        "repo": "flake-parts",
        "type": "github"
      }
    },
    "flake-root": {
      "locked": {
        "lastModified": 1671378805,
        "narHash": "sha256-yqGxyzMN2GuppwG3dTWD1oiKxi+jGYP7D1qUSc5vKhI=",
        "owner": "srid",
        "repo": "flake-root",
        "rev": "dc7ba6166e478804a9da6881aa48c45d300075cf",
        "type": "github"
      },
      "original": {
        "owner": "srid",
        "repo": "flake-root",
        "type": "github"
      }
    },
    "flake-utils": {
      "locked": {
        "lastModified": 1656928814,
        "narHash": "sha256-RIFfgBuKz6Hp89yRr7+NR5tzIAbn52h8vT6vXkYjZoM=",
        "owner": "numtide",
        "repo": "flake-utils",
        "rev": "7e2a3b3dfd9af950a856d66b0a7d01e3c18aa249",
        "type": "github"
      },
      "original": {
        "owner": "numtide",
        "repo": "flake-utils",
        "type": "github"
      }
    },
    "mission-control": {
      "inputs": {
        "nixpkgs": "nixpkgs"
      },
      "locked": {
        "lastModified": 1671493916,
        "narHash": "sha256-7uvy37mfprmI3fbBw9E+baV1KZHR5zKfSNfPlSiliqo=",
        "owner": "Platonic-Systems",
        "repo": "mission-control",
        "rev": "9acdaa469ebd3c2d6816f8a30c0c217a0da59fe2",
        "type": "github"
      },
      "original": {
        "owner": "Platonic-Systems",
        "repo": "mission-control",
        "type": "github"
      }
    },
    "mozilla-addons-to-nix": {
      "inputs": {
        "flake-utils": "flake-utils",
        "nixpkgs": "nixpkgs_2"
      },
      "locked": {
        "lastModified": 1670258361,
        "narHash": "sha256-mZsGeV6j5gNmZn6J5Bsg6mAcNqvGIcMJSEocAGWySek=",
        "owner": "~rycee",
        "repo": "mozilla-addons-to-nix",
        "rev": "fa5fbb2bb3e0d16fce65219a7741898723b2f220",
        "type": "sourcehut"
      },
      "original": {
        "owner": "~rycee",
        "repo": "mozilla-addons-to-nix",
        "type": "sourcehut"
      }
    },
    "nixos-unstable": {
      "locked": {
        "lastModified": 1673315479,
        "narHash": "sha256-GNCFRtDHjTygXGJp/H+f2XQPMGxpYSmNiibIqYzihtM=",
        "owner": "NixOS",
        "repo": "nixpkgs",
        "rev": "c07552f6f7d4eead7806645ec03f7f1eb71ba6bd",
        "type": "github"
      },
      "original": {
        "owner": "NixOS",
        "ref": "nixos-unstable",
        "repo": "nixpkgs",
        "type": "github"
      }
    },
    "nixpkgs": {
      "locked": {
        "lastModified": 1671249438,
        "narHash": "sha256-5e+CcnbZA3/i2BRXbnzRS52Ly67MUNdZR+Zpbb2C65k=",
        "owner": "nixos",
        "repo": "nixpkgs",
        "rev": "067bfc6c90a301572cec7da48f09c447a9a8eae0",
        "type": "github"
      },
      "original": {
        "owner": "nixos",
        "ref": "nixpkgs-unstable",
        "repo": "nixpkgs",
        "type": "github"
      }
    },
    "nixpkgs-lib": {
      "locked": {
        "dir": "lib",
        "lastModified": 1672350804,
        "narHash": "sha256-jo6zkiCabUBn3ObuKXHGqqORUMH27gYDIFFfLq5P4wg=",
        "owner": "NixOS",
        "repo": "nixpkgs",
        "rev": "677ed08a50931e38382dbef01cba08a8f7eac8f6",
        "type": "github"
      },
      "original": {
        "dir": "lib",
        "owner": "NixOS",
        "ref": "nixos-unstable",
        "repo": "nixpkgs",
        "type": "github"
      }
    },
    "nixpkgs_2": {
      "locked": {
        "lastModified": 1658937758,
        "narHash": "sha256-FxQB/tWX15Faq3GBM+qTfVzd9qJqy/3CEgBp2zpHeNc=",
        "owner": "NixOS",
        "repo": "nixpkgs",
        "rev": "8f73de28e63988da02426ebb17209e3ae07f103b",
        "type": "github"
      },
      "original": {
        "owner": "NixOS",
        "ref": "nixpkgs-unstable",
        "repo": "nixpkgs",
        "type": "github"
      }
    },
    "nixpkgs_3": {
      "inputs": {
        "nixpkgs": "nixpkgs_4"
      },
      "locked": {
        "lastModified": 1673400599,
        "narHash": "sha256-EnDVDsQ/uoCdO1UMPTSHelJLjJTR794yp370a89n3y4=",
        "owner": "numtide",
        "repo": "nixpkgs-unfree",
        "rev": "7331a9526557393edc2ff86d04ecd74b107f1b81",
        "type": "github"
      },
      "original": {
        "owner": "numtide",
        "repo": "nixpkgs-unfree",
        "type": "github"
      }
    },
    "nixpkgs_4": {
      "locked": {
        "lastModified": 0,
        "narHash": "sha256-oz757DnJ1ITvwyTovuwG3l9cX6j9j6/DH9eH+cXFJmc=",
        "path": "/nix/store/bkxnsyy1bdr7rl2ll5icc10crspwqqxj-source",
        "type": "path"
      },
      "original": {
        "id": "nixpkgs",
        "type": "indirect"
      }
    },
    "root": {
      "inputs": {
        "flake-parts": "flake-parts",
        "flake-root": "flake-root",
        "mission-control": "mission-control",
        "mozilla-addons-to-nix": "mozilla-addons-to-nix",
        "nixos-unstable": "nixos-unstable",
        "nixpkgs": "nixpkgs_3"
      }
    }
  },
  "root": "root",
  "version": 7
}
